-e packages/platform-common
-e packages/domain-kernel
-e packages/contracts
-e packages/observability
-e services/api
-e workers/scheduler
-e workers/background
-e runner/agent

fastapi==0.116.1
argon2-cffi==25.1.0
cryptography==45.0.6
hatchling==1.27.0
httpx==0.28.1
jsonschema==4.26.0
mypy==1.17.1
playwright==1.62.0
pydantic==2.11.7
pydantic-settings==2.10.1
python-dotenv==1.1.1
PyMySQL==1.1.1
PyJWT==2.10.1
pytest==8.4.1
pytest-asyncio==1.1.0
python-docx==1.2.0
PyYAML==6.0.3
ruff==0.12.7
SQLAlchemy==2.0.42
uvicorn==0.35.0
